
Microsoft Visual Studio Solution File, Format Version 12.00
# Visual Studio 15
VisualStudioVersion = 15.0.27703.2035
MinimumVisualStudioVersion = 10.0.40219.1
Project("{F184B08F-C81C-45F6-A57F-5ABD9991F28F}") = "Tic Tac Toe Game Engine", "Tic Tac Toe Game Engine\Tic Tac Toe Game Engine.vbproj", "{3F76C62D-5978-44CE-A818-7A73D34431E5}"
EndProject
Global
	GlobalSection(SolutionConfigurationPlatforms) = preSolution
		Debug|Any CPU = Debug|Any CPU
		Debug|x64 = Debug|x64
		Release|Any CPU = Release|Any CPU
		Release|x64 = Release|x64
	EndGlobalSection
	GlobalSection(ProjectConfigurationPlatforms) = postSolution
		{3F76C62D-5978-44CE-A818-7A73D34431E5}.Debug|Any CPU.ActiveCfg = Debug|Any CPU
		{3F76C62D-5978-44CE-A818-7A73D34431E5}.Debug|Any CPU.Build.0 = Debug|Any CPU
		{3F76C62D-5978-44CE-A818-7A73D34431E5}.Debug|x64.ActiveCfg = Debug|Any CPU
		{3F76C62D-5978-44CE-A818-7A73D34431E5}.Debug|x64.Build.0 = Debug|Any CPU
		{3F76C62D-5978-44CE-A818-7A73D34431E5}.Release|Any CPU.ActiveCfg = Release|Any CPU
		{3F76C62D-5978-44CE-A818-7A73D34431E5}.Release|Any CPU.Build.0 = Release|Any CPU
		{3F76C62D-5978-44CE-A818-7A73D34431E5}.Release|x64.ActiveCfg = Release|Any CPU
		{3F76C62D-5978-44CE-A818-7A73D34431E5}.Release|x64.Build.0 = Release|Any CPU
	EndGlobalSection
	GlobalSection(SolutionProperties) = preSolution
		HideSolutionNode = FALSE
	EndGlobalSection
	GlobalSection(ExtensibilityGlobals) = postSolution
		SolutionGuid = {3CF9F6D7-7720-4087-8150-853F30B00F36}
	EndGlobalSection
EndGlobal
